
Microsoft Visual Studio Solution File, Format Version 12.00
# Visual Studio 15
VisualStudioVersion = 15.0.28307.271
MinimumVisualStudioVersion = 10.0.40219.1
Project("{FAE04EC0-301F-11D3-BF4B-00C04F79EFBC}") = "Binary Search Practice", "Binary Search Practice\Binary Search Practice.csproj", "{9388E54B-1AC5-4FBA-B8E6-A1937F47C038}"
EndProject
Global
	GlobalSection(SolutionConfigurationPlatforms) = preSolution
		Debug|Any CPU = Debug|Any CPU
		Release|Any CPU = Release|Any CPU
	EndGlobalSection
	GlobalSection(ProjectConfigurationPlatforms) = postSolution
		{9388E54B-1AC5-4FBA-B8E6-A1937F47C038}.Debug|Any CPU.ActiveCfg = Debug|Any CPU
		{9388E54B-1AC5-4FBA-B8E6-A1937F47C038}.Debug|Any CPU.Build.0 = Debug|Any CPU
		{9388E54B-1AC5-4FBA-B8E6-A1937F47C038}.Release|Any CPU.ActiveCfg = Release|Any CPU
		{9388E54B-1AC5-4FBA-B8E6-A1937F47C038}.Release|Any CPU.Build.0 = Release|Any CPU
	EndGlobalSection
	GlobalSection(SolutionProperties) = preSolution
		HideSolutionNode = FALSE
	EndGlobalSection
	GlobalSection(ExtensibilityGlobals) = postSolution
		SolutionGuid = {83F3D717-D6B3-4136-83FD-D67024C7DF72}
	EndGlobalSection
EndGlobal
